
Microsoft Visual Studio Solution File, Format Version 12.00
# Visual Studio Version 16
VisualStudioVersion = 16.0.29709.97
MinimumVisualStudioVersion = 10.0.40219.1
Project("{9A19103F-16F7-4668-BE54-9A1E7A4F7556}") = "CarShop", "WebApplication1\CarShop.csproj", "{17FB7E6A-E17B-48F3-BD18-F3B97471F413}"
EndProject
Global
	GlobalSection(SolutionConfigurationPlatforms) = preSolution
		Debug|Any CPU = Debug|Any CPU
		Release|Any CPU = Release|Any CPU
	EndGlobalSection
	GlobalSection(ProjectConfigurationPlatforms) = postSolution
		{17FB7E6A-E17B-48F3-BD18-F3B97471F413}.Debug|Any CPU.ActiveCfg = Debug|Any CPU
		{17FB7E6A-E17B-48F3-BD18-F3B97471F413}.Debug|Any CPU.Build.0 = Debug|Any CPU
		{17FB7E6A-E17B-48F3-BD18-F3B97471F413}.Release|Any CPU.ActiveCfg = Release|Any CPU
		{17FB7E6A-E17B-48F3-BD18-F3B97471F413}.Release|Any CPU.Build.0 = Release|Any CPU
	EndGlobalSection
	GlobalSection(SolutionProperties) = preSolution
		HideSolutionNode = FALSE
	EndGlobalSection
	GlobalSection(ExtensibilityGlobals) = postSolution
		SolutionGuid = {B893D2C1-4AF5-45A1-BBC2-7ACA22CBF25F}
	EndGlobalSection
EndGlobal
